
Microsoft Visual Studio Solution File, Format Version 12.00
# Visual Studio 2013
VisualStudioVersion = 12.0.30723.0
MinimumVisualStudioVersion = 10.0.40219.1
Project("{FAE04EC0-301F-11D3-BF4B-00C04F79EFBC}") = "ZiZhuJY.WebUI", "ZiZhuJY.Web.UI\ZiZhuJY.WebUI.csproj", "{86F3FC80-60EC-400F-A1BC-FEE3986AC001}"
EndProject
Project("{FAE04EC0-301F-11D3-BF4B-00C04F79EFBC}") = "ZiZhuJY.ImageHandler", "ZiZhuJY.ImageHandler\ZiZhuJY.ImageHandler.csproj", "{7AC3EA08-F146-4EF0-BF1E-9B302B114A33}"
EndProject
Project("{FAE04EC0-301F-11D3-BF4B-00C04F79EFBC}") = "ZiZhuJY.Data", "ZiZhuJY.Data\ZiZhuJY.Data.csproj", "{FD5A4C26-E720-4AA9-96A5-E17400B28BF2}"
EndProject
Project("{FAE04EC0-301F-11D3-BF4B-00C04F79EFBC}") = "ZiZhuJY.Helpers", "ZiZhuJY.Helpers\ZiZhuJY.Helpers.csproj", "{EF12EE0D-B078-4095-94E2-9DFCDBE3E7B2}"
EndProject
Project("{FAE04EC0-301F-11D3-BF4B-00C04F79EFBC}") = "ZiZhuJY.Web.UI.Scripts.Test", "ZiZhuJY.Web.UI.Scripts.Test\ZiZhuJY.Web.UI.Scripts.Test.csproj", "{42B6DB57-125E-41FD-AF84-46FF339B122B}"
EndProject
Project("{FAE04EC0-301F-11D3-BF4B-00C04F79EFBC}") = "ZiZhuJY.Web.UI.UnitTest", "ZiZhuJY.Web.UI.UnitTest\ZiZhuJY.Web.UI.UnitTest.csproj", "{9C8BAD86-8E9F-408E-9960-0AF788ABCF14}"
EndProject
Project("{FAE04EC0-301F-11D3-BF4B-00C04F79EFBC}") = "ZiZhuJY.PhantomJsWrapper", "ZiZhuJY.PhantomJsWrapper\ZiZhuJY.PhantomJsWrapper.csproj", "{3F950214-8CDC-4E66-AAF7-83402AFC24DC}"
EndProject
Project("{FAE04EC0-301F-11D3-BF4B-00C04F79EFBC}") = "ZiZhuJY.PhantomJsWrapper.Tests", "ZiZhuJY.PhantomJsWrapper.Tests\ZiZhuJY.PhantomJsWrapper.Tests.csproj", "{987824CA-C460-4009-86CC-8B61DC0BA425}"
EndProject
Project("{FAE04EC0-301F-11D3-BF4B-00C04F79EFBC}") = "ZiZhuJY.Core", "ZiZhuJY.Core\ZiZhuJY.Core.csproj", "{3092E923-2506-4CD6-A27D-1FF02387950A}"
EndProject
Project("{FAE04EC0-301F-11D3-BF4B-00C04F79EFBC}") = "ZiZhuJY.Core.Tests", "ZiZhuJY.Core.Tests\ZiZhuJY.Core.Tests.csproj", "{879A35ED-136E-4E86-A30A-D2B196D3658D}"
EndProject
Project("{2150E333-8FDC-42A3-9474-1A3956D46DE8}") = ".nuget", ".nuget", "{E1532F00-4B70-42EE-8915-7403C7E089CB}"
	ProjectSection(SolutionItems) = preProject
		.nuget\NuGet.Config = .nuget\NuGet.Config
		.nuget\NuGet.exe = .nuget\NuGet.exe
		.nuget\NuGet.targets = .nuget\NuGet.targets
	EndProjectSection
EndProject
Project("{FAE04EC0-301F-11D3-BF4B-00C04F79EFBC}") = "ZiZhuJY.Common", "ZiZhuJY.Common\ZiZhuJY.Common.csproj", "{C86131FA-8AA0-492D-8CD2-440224C67178}"
EndProject
Project("{FAE04EC0-301F-11D3-BF4B-00C04F79EFBC}") = "MarkdownDeep", "MarkdownDeep\MarkdownDeep.csproj", "{1569ED47-C7C9-4261-B6F4-7445BD0F2C95}"
EndProject
Project("{FAE04EC0-301F-11D3-BF4B-00C04F79EFBC}") = "MarkdownDeepGui", "MarkdownDeepGui\MarkdownDeepGui.csproj", "{FBDF1B77-BF84-4B3D-83DE-46271C468690}"
EndProject
Project("{FAE04EC0-301F-11D3-BF4B-00C04F79EFBC}") = "ZiZhuJY.WebApi", "ZiZhuJY.WebApi\ZiZhuJY.WebApi.csproj", "{B63272F0-B7B7-4DCA-A441-CCB534DB30FD}"
EndProject
Project("{FAE04EC0-301F-11D3-BF4B-00C04F79EFBC}") = "ZiZhuJY.Web", "ZiZhuJY.Web\ZiZhuJY.Web.csproj", "{072AAD6B-6855-487A-A12F-2808A6696F62}"
EndProject
Project("{FAE04EC0-301F-11D3-BF4B-00C04F79EFBC}") = "ZiZhuJY.ServiceModel.ClearUsernameBinding", "ClearUsernameBinding\ZiZhuJY.ServiceModel.ClearUsernameBinding.csproj", "{7EC3AF6C-EFC8-451C-8B03-01D85445D080}"
EndProject
Project("{2150E333-8FDC-42A3-9474-1A3956D46DE8}") = "WCFServices", "WCFServices", "{20B77A9E-59DB-4B08-8E87-9EDA7C9D2513}"
EndProject
Project("{FAE04EC0-301F-11D3-BF4B-00C04F79EFBC}") = "ZiZhuJY.Services.Client", "Client\ZiZhuJY.Services.Client.csproj", "{4E7CFE86-32AE-4E21-85C7-25EA2479B72F}"
EndProject
Project("{FAE04EC0-301F-11D3-BF4B-00C04F79EFBC}") = "ZiZhuJY.Services.IISHost", "IISHost\ZiZhuJY.Services.IISHost.csproj", "{AC1BC020-E26C-483A-A6B2-AA50DED18B93}"
EndProject
Project("{FAE04EC0-301F-11D3-BF4B-00C04F79EFBC}") = "ZiZhuJY.ServiceModel", "ZiZhuJY.ServiceModel\ZiZhuJY.ServiceModel.csproj", "{E5F7174E-1E4F-48EE-916E-8FF9362EA8B1}"
EndProject
Project("{FAE04EC0-301F-11D3-BF4B-00C04F79EFBC}") = "ZiZhuJY.Services", "Service\ZiZhuJY.Services.csproj", "{BAB2D4C2-94DB-4C39-8D62-B95DDE163DBB}"
EndProject
Project("{FAE04EC0-301F-11D3-BF4B-00C04F79EFBC}") = "WebMarkupMin.Core", "WebMarkupMin.Core\WebMarkupMin.Core.csproj", "{3C3F497C-7C65-4E18-8513-A01E31599CFD}"
EndProject
Project("{FAE04EC0-301F-11D3-BF4B-00C04F79EFBC}") = "WebMarkupMin.Mvc", "WebMarkupMin.Mvc\WebMarkupMin.Mvc.csproj", "{270DE2C7-7720-4463-9DCD-6613F569E1A5}"
EndProject
Project("{FAE04EC0-301F-11D3-BF4B-00C04F79EFBC}") = "WebMarkupMin.Web", "WebMarkupMin.Web\WebMarkupMin.Web.csproj", "{D44027D3-8458-4246-9321-8B4A768D593E}"
EndProject
Project("{FAE04EC0-301F-11D3-BF4B-00C04F79EFBC}") = "ZiZhuJY.Helpers.Tests", "ZiZhuJY.Helpers.Tests\ZiZhuJY.Helpers.Tests.csproj", "{08F1F5F9-F33D-446F-99AD-ED550664D390}"
EndProject
Global
	GlobalSection(SolutionConfigurationPlatforms) = preSolution
		Debug|Any CPU = Debug|Any CPU
		Debug|Mixed Platforms = Debug|Mixed Platforms
		Debug|x86 = Debug|x86
		Release|Any CPU = Release|Any CPU
		Release|Mixed Platforms = Release|Mixed Platforms
		Release|x86 = Release|x86
	EndGlobalSection
	GlobalSection(ProjectConfigurationPlatforms) = postSolution
		{86F3FC80-60EC-400F-A1BC-FEE3986AC001}.Debug|Any CPU.ActiveCfg = Debug|Any CPU
		{86F3FC80-60EC-400F-A1BC-FEE3986AC001}.Debug|Any CPU.Build.0 = Debug|Any CPU
		{86F3FC80-60EC-400F-A1BC-FEE3986AC001}.Debug|Mixed Platforms.ActiveCfg = Debug|Any CPU
		{86F3FC80-60EC-400F-A1BC-FEE3986AC001}.Debug|Mixed Platforms.Build.0 = Debug|Any CPU
		{86F3FC80-60EC-400F-A1BC-FEE3986AC001}.Debug|x86.ActiveCfg = Debug|Any CPU
		{86F3FC80-60EC-400F-A1BC-FEE3986AC001}.Debug|x86.Build.0 = Debug|Any CPU
		{86F3FC80-60EC-400F-A1BC-FEE3986AC001}.Release|Any CPU.ActiveCfg = Release|Any CPU
		{86F3FC80-60EC-400F-A1BC-FEE3986AC001}.Release|Any CPU.Build.0 = Release|Any CPU
		{86F3FC80-60EC-400F-A1BC-FEE3986AC001}.Release|Mixed Platforms.ActiveCfg = Release|Any CPU
		{86F3FC80-60EC-400F-A1BC-FEE3986AC001}.Release|Mixed Platforms.Build.0 = Release|Any CPU
		{86F3FC80-60EC-400F-A1BC-FEE3986AC001}.Release|x86.ActiveCfg = Release|Any CPU
		{86F3FC80-60EC-400F-A1BC-FEE3986AC001}.Release|x86.Build.0 = Release|Any CPU
		{7AC3EA08-F146-4EF0-BF1E-9B302B114A33}.Debug|Any CPU.ActiveCfg = Debug|Any CPU
		{7AC3EA08-F146-4EF0-BF1E-9B302B114A33}.Debug|Any CPU.Build.0 = Debug|Any CPU
		{7AC3EA08-F146-4EF0-BF1E-9B302B114A33}.Debug|Mixed Platforms.ActiveCfg = Debug|Any CPU
		{7AC3EA08-F146-4EF0-BF1E-9B302B114A33}.Debug|Mixed Platforms.Build.0 = Debug|Any CPU
		{7AC3EA08-F146-4EF0-BF1E-9B302B114A33}.Debug|x86.ActiveCfg = Debug|Any CPU
		{7AC3EA08-F146-4EF0-BF1E-9B302B114A33}.Debug|x86.Build.0 = Debug|Any CPU
		{7AC3EA08-F146-4EF0-BF1E-9B302B114A33}.Release|Any CPU.ActiveCfg = Release|Any CPU
		{7AC3EA08-F146-4EF0-BF1E-9B302B114A33}.Release|Any CPU.Build.0 = Release|Any CPU
		{7AC3EA08-F146-4EF0-BF1E-9B302B114A33}.Release|Mixed Platforms.ActiveCfg = Release|Any CPU
		{7AC3EA08-F146-4EF0-BF1E-9B302B114A33}.Release|Mixed Platforms.Build.0 = Release|Any CPU
		{7AC3EA08-F146-4EF0-BF1E-9B302B114A33}.Release|x86.ActiveCfg = Release|Any CPU
		{7AC3EA08-F146-4EF0-BF1E-9B302B114A33}.Release|x86.Build.0 = Release|Any CPU
		{FD5A4C26-E720-4AA9-96A5-E17400B28BF2}.Debug|Any CPU.ActiveCfg = Debug|Any CPU
		{FD5A4C26-E720-4AA9-96A5-E17400B28BF2}.Debug|Any CPU.Build.0 = Debug|Any CPU
		{FD5A4C26-E720-4AA9-96A5-E17400B28BF2}.Debug|Mixed Platforms.ActiveCfg = Debug|x86
		{FD5A4C26-E720-4AA9-96A5-E17400B28BF2}.Debug|Mixed Platforms.Build.0 = Debug|x86
		{FD5A4C26-E720-4AA9-96A5-E17400B28BF2}.Debug|x86.ActiveCfg = Debug|x86
		{FD5A4C26-E720-4AA9-96A5-E17400B28BF2}.Debug|x86.Build.0 = Debug|x86
		{FD5A4C26-E720-4AA9-96A5-E17400B28BF2}.Release|Any CPU.ActiveCfg = Release|Any CPU
		{FD5A4C26-E720-4AA9-96A5-E17400B28BF2}.Release|Any CPU.Build.0 = Release|Any CPU
		{FD5A4C26-E720-4AA9-96A5-E17400B28BF2}.Release|Mixed Platforms.ActiveCfg = Release|x86
		{FD5A4C26-E720-4AA9-96A5-E17400B28BF2}.Release|Mixed Platforms.Build.0 = Release|x86
		{FD5A4C26-E720-4AA9-96A5-E17400B28BF2}.Release|x86.ActiveCfg = Release|x86
		{FD5A4C26-E720-4AA9-96A5-E17400B28BF2}.Release|x86.Build.0 = Release|x86
		{EF12EE0D-B078-4095-94E2-9DFCDBE3E7B2}.Debug|Any CPU.ActiveCfg = Debug|Any CPU
		{EF12EE0D-B078-4095-94E2-9DFCDBE3E7B2}.Debug|Any CPU.Build.0 = Debug|Any CPU
		{EF12EE0D-B078-4095-94E2-9DFCDBE3E7B2}.Debug|Mixed Platforms.ActiveCfg = Debug|Any CPU
		{EF12EE0D-B078-4095-94E2-9DFCDBE3E7B2}.Debug|Mixed Platforms.Build.0 = Debug|Any CPU
		{EF12EE0D-B078-4095-94E2-9DFCDBE3E7B2}.Debug|x86.ActiveCfg = Debug|Any CPU
		{EF12EE0D-B078-4095-94E2-9DFCDBE3E7B2}.Debug|x86.Build.0 = Debug|Any CPU
		{EF12EE0D-B078-4095-94E2-9DFCDBE3E7B2}.Release|Any CPU.ActiveCfg = Release|Any CPU
		{EF12EE0D-B078-4095-94E2-9DFCDBE3E7B2}.Release|Any CPU.Build.0 = Release|Any CPU
		{EF12EE0D-B078-4095-94E2-9DFCDBE3E7B2}.Release|Mixed Platforms.ActiveCfg = Release|Any CPU
		{EF12EE0D-B078-4095-94E2-9DFCDBE3E7B2}.Release|Mixed Platforms.Build.0 = Release|Any CPU
		{EF12EE0D-B078-4095-94E2-9DFCDBE3E7B2}.Release|x86.ActiveCfg = Release|Any CPU
		{EF12EE0D-B078-4095-94E2-9DFCDBE3E7B2}.Release|x86.Build.0 = Release|Any CPU
		{42B6DB57-125E-41FD-AF84-46FF339B122B}.Debug|Any CPU.ActiveCfg = Debug|Any CPU
		{42B6DB57-125E-41FD-AF84-46FF339B122B}.Debug|Any CPU.Build.0 = Debug|Any CPU
		{42B6DB57-125E-41FD-AF84-46FF339B122B}.Debug|Mixed Platforms.ActiveCfg = Debug|Any CPU
		{42B6DB57-125E-41FD-AF84-46FF339B122B}.Debug|Mixed Platforms.Build.0 = Debug|Any CPU
		{42B6DB57-125E-41FD-AF84-46FF339B122B}.Debug|x86.ActiveCfg = Debug|Any CPU
		{42B6DB57-125E-41FD-AF84-46FF339B122B}.Debug|x86.Build.0 = Debug|Any CPU
		{42B6DB57-125E-41FD-AF84-46FF339B122B}.Release|Any CPU.ActiveCfg = Release|Any CPU
		{42B6DB57-125E-41FD-AF84-46FF339B122B}.Release|Any CPU.Build.0 = Release|Any CPU
		{42B6DB57-125E-41FD-AF84-46FF339B122B}.Release|Mixed Platforms.ActiveCfg = Release|Any CPU
		{42B6DB57-125E-41FD-AF84-46FF339B122B}.Release|Mixed Platforms.Build.0 = Release|Any CPU
		{42B6DB57-125E-41FD-AF84-46FF339B122B}.Release|x86.ActiveCfg = Release|Any CPU
		{42B6DB57-125E-41FD-AF84-46FF339B122B}.Release|x86.Build.0 = Release|Any CPU
		{9C8BAD86-8E9F-408E-9960-0AF788ABCF14}.Debug|Any CPU.ActiveCfg = Debug|Any CPU
		{9C8BAD86-8E9F-408E-9960-0AF788ABCF14}.Debug|Any CPU.Build.0 = Debug|Any CPU
		{9C8BAD86-8E9F-408E-9960-0AF788ABCF14}.Debug|Mixed Platforms.ActiveCfg = Debug|Any CPU
		{9C8BAD86-8E9F-408E-9960-0AF788ABCF14}.Debug|Mixed Platforms.Build.0 = Debug|Any CPU
		{9C8BAD86-8E9F-408E-9960-0AF788ABCF14}.Debug|x86.ActiveCfg = Debug|Any CPU
		{9C8BAD86-8E9F-408E-9960-0AF788ABCF14}.Debug|x86.Build.0 = Debug|Any CPU
		{9C8BAD86-8E9F-408E-9960-0AF788ABCF14}.Release|Any CPU.ActiveCfg = Release|Any CPU
		{9C8BAD86-8E9F-408E-9960-0AF788ABCF14}.Release|Any CPU.Build.0 = Release|Any CPU
		{9C8BAD86-8E9F-408E-9960-0AF788ABCF14}.Release|Mixed Platforms.ActiveCfg = Release|Any CPU
		{9C8BAD86-8E9F-408E-9960-0AF788ABCF14}.Release|Mixed Platforms.Build.0 = Release|Any CPU
		{9C8BAD86-8E9F-408E-9960-0AF788ABCF14}.Release|x86.ActiveCfg = Release|Any CPU
		{9C8BAD86-8E9F-408E-9960-0AF788ABCF14}.Release|x86.Build.0 = Release|Any CPU
		{3F950214-8CDC-4E66-AAF7-83402AFC24DC}.Debug|Any CPU.ActiveCfg = Debug|Any CPU
		{3F950214-8CDC-4E66-AAF7-83402AFC24DC}.Debug|Any CPU.Build.0 = Debug|Any CPU
		{3F950214-8CDC-4E66-AAF7-83402AFC24DC}.Debug|Mixed Platforms.ActiveCfg = Debug|Any CPU
		{3F950214-8CDC-4E66-AAF7-83402AFC24DC}.Debug|Mixed Platforms.Build.0 = Debug|Any CPU
		{3F950214-8CDC-4E66-AAF7-83402AFC24DC}.Debug|x86.ActiveCfg = Debug|Any CPU
		{3F950214-8CDC-4E66-AAF7-83402AFC24DC}.Debug|x86.Build.0 = Debug|Any CPU
		{3F950214-8CDC-4E66-AAF7-83402AFC24DC}.Release|Any CPU.ActiveCfg = Release|Any CPU
		{3F950214-8CDC-4E66-AAF7-83402AFC24DC}.Release|Any CPU.Build.0 = Release|Any CPU
		{3F950214-8CDC-4E66-AAF7-83402AFC24DC}.Release|Mixed Platforms.ActiveCfg = Release|Any CPU
		{3F950214-8CDC-4E66-AAF7-83402AFC24DC}.Release|Mixed Platforms.Build.0 = Release|Any CPU
		{3F950214-8CDC-4E66-AAF7-83402AFC24DC}.Release|x86.ActiveCfg = Release|Any CPU
		{3F950214-8CDC-4E66-AAF7-83402AFC24DC}.Release|x86.Build.0 = Release|Any CPU
		{987824CA-C460-4009-86CC-8B61DC0BA425}.Debug|Any CPU.ActiveCfg = Debug|Any CPU
		{987824CA-C460-4009-86CC-8B61DC0BA425}.Debug|Any CPU.Build.0 = Debug|Any CPU
		{987824CA-C460-4009-86CC-8B61DC0BA425}.Debug|Mixed Platforms.ActiveCfg = Debug|Any CPU
		{987824CA-C460-4009-86CC-8B61DC0BA425}.Debug|Mixed Platforms.Build.0 = Debug|Any CPU
		{987824CA-C460-4009-86CC-8B61DC0BA425}.Debug|x86.ActiveCfg = Debug|Any CPU
		{987824CA-C460-4009-86CC-8B61DC0BA425}.Debug|x86.Build.0 = Debug|Any CPU
		{987824CA-C460-4009-86CC-8B61DC0BA425}.Release|Any CPU.ActiveCfg = Release|Any CPU
		{987824CA-C460-4009-86CC-8B61DC0BA425}.Release|Any CPU.Build.0 = Release|Any CPU
		{987824CA-C460-4009-86CC-8B61DC0BA425}.Release|Mixed Platforms.ActiveCfg = Release|Any CPU
		{987824CA-C460-4009-86CC-8B61DC0BA425}.Release|Mixed Platforms.Build.0 = Release|Any CPU
		{987824CA-C460-4009-86CC-8B61DC0BA425}.Release|x86.ActiveCfg = Release|Any CPU
		{987824CA-C460-4009-86CC-8B61DC0BA425}.Release|x86.Build.0 = Release|Any CPU
		{3092E923-2506-4CD6-A27D-1FF02387950A}.Debug|Any CPU.ActiveCfg = Debug|Any CPU
		{3092E923-2506-4CD6-A27D-1FF02387950A}.Debug|Any CPU.Build.0 = Debug|Any CPU
		{3092E923-2506-4CD6-A27D-1FF02387950A}.Debug|Mixed Platforms.ActiveCfg = Debug|Any CPU
		{3092E923-2506-4CD6-A27D-1FF02387950A}.Debug|Mixed Platforms.Build.0 = Debug|Any CPU
		{3092E923-2506-4CD6-A27D-1FF02387950A}.Debug|x86.ActiveCfg = Debug|Any CPU
		{3092E923-2506-4CD6-A27D-1FF02387950A}.Debug|x86.Build.0 = Debug|Any CPU
		{3092E923-2506-4CD6-A27D-1FF02387950A}.Release|Any CPU.ActiveCfg = Release|Any CPU
		{3092E923-2506-4CD6-A27D-1FF02387950A}.Release|Any CPU.Build.0 = Release|Any CPU
		{3092E923-2506-4CD6-A27D-1FF02387950A}.Release|Mixed Platforms.ActiveCfg = Release|Any CPU
		{3092E923-2506-4CD6-A27D-1FF02387950A}.Release|Mixed Platforms.Build.0 = Release|Any CPU
		{3092E923-2506-4CD6-A27D-1FF02387950A}.Release|x86.ActiveCfg = Release|Any CPU
		{3092E923-2506-4CD6-A27D-1FF02387950A}.Release|x86.Build.0 = Release|Any CPU
		{879A35ED-136E-4E86-A30A-D2B196D3658D}.Debug|Any CPU.ActiveCfg = Debug|Any CPU
		{879A35ED-136E-4E86-A30A-D2B196D3658D}.Debug|Any CPU.Build.0 = Debug|Any CPU
		{879A35ED-136E-4E86-A30A-D2B196D3658D}.Debug|Mixed Platforms.ActiveCfg = Debug|Any CPU
		{879A35ED-136E-4E86-A30A-D2B196D3658D}.Debug|Mixed Platforms.Build.0 = Debug|Any CPU
		{879A35ED-136E-4E86-A30A-D2B196D3658D}.Debug|x86.ActiveCfg = Debug|Any CPU
		{879A35ED-136E-4E86-A30A-D2B196D3658D}.Debug|x86.Build.0 = Debug|Any CPU
		{879A35ED-136E-4E86-A30A-D2B196D3658D}.Release|Any CPU.ActiveCfg = Release|Any CPU
		{879A35ED-136E-4E86-A30A-D2B196D3658D}.Release|Any CPU.Build.0 = Release|Any CPU
		{879A35ED-136E-4E86-A30A-D2B196D3658D}.Release|Mixed Platforms.ActiveCfg = Release|Any CPU
		{879A35ED-136E-4E86-A30A-D2B196D3658D}.Release|Mixed Platforms.Build.0 = Release|Any CPU
		{879A35ED-136E-4E86-A30A-D2B196D3658D}.Release|x86.ActiveCfg = Release|Any CPU
		{879A35ED-136E-4E86-A30A-D2B196D3658D}.Release|x86.Build.0 = Release|Any CPU
		{C86131FA-8AA0-492D-8CD2-440224C67178}.Debug|Any CPU.ActiveCfg = Debug|Any CPU
		{C86131FA-8AA0-492D-8CD2-440224C67178}.Debug|Any CPU.Build.0 = Debug|Any CPU
		{C86131FA-8AA0-492D-8CD2-440224C67178}.Debug|Mixed Platforms.ActiveCfg = Debug|Any CPU
		{C86131FA-8AA0-492D-8CD2-440224C67178}.Debug|Mixed Platforms.Build.0 = Debug|Any CPU
		{C86131FA-8AA0-492D-8CD2-440224C67178}.Debug|x86.ActiveCfg = Debug|Any CPU
		{C86131FA-8AA0-492D-8CD2-440224C67178}.Debug|x86.Build.0 = Debug|Any CPU
		{C86131FA-8AA0-492D-8CD2-440224C67178}.Release|Any CPU.ActiveCfg = Release|Any CPU
		{C86131FA-8AA0-492D-8CD2-440224C67178}.Release|Any CPU.Build.0 = Release|Any CPU
		{C86131FA-8AA0-492D-8CD2-440224C67178}.Release|Mixed Platforms.ActiveCfg = Release|Any CPU
		{C86131FA-8AA0-492D-8CD2-440224C67178}.Release|Mixed Platforms.Build.0 = Release|Any CPU
		{C86131FA-8AA0-492D-8CD2-440224C67178}.Release|x86.ActiveCfg = Release|Any CPU
		{C86131FA-8AA0-492D-8CD2-440224C67178}.Release|x86.Build.0 = Release|Any CPU
		{1569ED47-C7C9-4261-B6F4-7445BD0F2C95}.Debug|Any CPU.ActiveCfg = Debug|Any CPU
		{1569ED47-C7C9-4261-B6F4-7445BD0F2C95}.Debug|Any CPU.Build.0 = Debug|Any CPU
		{1569ED47-C7C9-4261-B6F4-7445BD0F2C95}.Debug|Mixed Platforms.ActiveCfg = Debug|Any CPU
		{1569ED47-C7C9-4261-B6F4-7445BD0F2C95}.Debug|Mixed Platforms.Build.0 = Debug|Any CPU
		{1569ED47-C7C9-4261-B6F4-7445BD0F2C95}.Debug|x86.ActiveCfg = Debug|Any CPU
		{1569ED47-C7C9-4261-B6F4-7445BD0F2C95}.Debug|x86.Build.0 = Debug|Any CPU
		{1569ED47-C7C9-4261-B6F4-7445BD0F2C95}.Release|Any CPU.ActiveCfg = Release|Any CPU
		{1569ED47-C7C9-4261-B6F4-7445BD0F2C95}.Release|Any CPU.Build.0 = Release|Any CPU
		{1569ED47-C7C9-4261-B6F4-7445BD0F2C95}.Release|Mixed Platforms.ActiveCfg = Release|Any CPU
		{1569ED47-C7C9-4261-B6F4-7445BD0F2C95}.Release|Mixed Platforms.Build.0 = Release|Any CPU
		{1569ED47-C7C9-4261-B6F4-7445BD0F2C95}.Release|x86.ActiveCfg = Release|Any CPU
		{1569ED47-C7C9-4261-B6F4-7445BD0F2C95}.Release|x86.Build.0 = Release|Any CPU
		{FBDF1B77-BF84-4B3D-83DE-46271C468690}.Debug|Any CPU.ActiveCfg = Debug|Any CPU
		{FBDF1B77-BF84-4B3D-83DE-46271C468690}.Debug|Any CPU.Build.0 = Debug|Any CPU
		{FBDF1B77-BF84-4B3D-83DE-46271C468690}.Debug|Mixed Platforms.ActiveCfg = Debug|Any CPU
		{FBDF1B77-BF84-4B3D-83DE-46271C468690}.Debug|Mixed Platforms.Build.0 = Debug|Any CPU
		{FBDF1B77-BF84-4B3D-83DE-46271C468690}.Debug|x86.ActiveCfg = Debug|Any CPU
		{FBDF1B77-BF84-4B3D-83DE-46271C468690}.Debug|x86.Build.0 = Debug|Any CPU
		{FBDF1B77-BF84-4B3D-83DE-46271C468690}.Release|Any CPU.ActiveCfg = Release|Any CPU
		{FBDF1B77-BF84-4B3D-83DE-46271C468690}.Release|Any CPU.Build.0 = Release|Any CPU
		{FBDF1B77-BF84-4B3D-83DE-46271C468690}.Release|Mixed Platforms.ActiveCfg = Release|Any CPU
		{FBDF1B77-BF84-4B3D-83DE-46271C468690}.Release|Mixed Platforms.Build.0 = Release|Any CPU
		{FBDF1B77-BF84-4B3D-83DE-46271C468690}.Release|x86.ActiveCfg = Release|Any CPU
		{FBDF1B77-BF84-4B3D-83DE-46271C468690}.Release|x86.Build.0 = Release|Any CPU
		{B63272F0-B7B7-4DCA-A441-CCB534DB30FD}.Debug|Any CPU.ActiveCfg = Debug|Any CPU
		{B63272F0-B7B7-4DCA-A441-CCB534DB30FD}.Debug|Any CPU.Build.0 = Debug|Any CPU
		{B63272F0-B7B7-4DCA-A441-CCB534DB30FD}.Debug|Mixed Platforms.ActiveCfg = Debug|Any CPU
		{B63272F0-B7B7-4DCA-A441-CCB534DB30FD}.Debug|Mixed Platforms.Build.0 = Debug|Any CPU
		{B63272F0-B7B7-4DCA-A441-CCB534DB30FD}.Debug|x86.ActiveCfg = Debug|Any CPU
		{B63272F0-B7B7-4DCA-A441-CCB534DB30FD}.Debug|x86.Build.0 = Debug|Any CPU
		{B63272F0-B7B7-4DCA-A441-CCB534DB30FD}.Release|Any CPU.ActiveCfg = Release|Any CPU
		{B63272F0-B7B7-4DCA-A441-CCB534DB30FD}.Release|Any CPU.Build.0 = Release|Any CPU
		{B63272F0-B7B7-4DCA-A441-CCB534DB30FD}.Release|Mixed Platforms.ActiveCfg = Release|Any CPU
		{B63272F0-B7B7-4DCA-A441-CCB534DB30FD}.Release|Mixed Platforms.Build.0 = Release|Any CPU
		{B63272F0-B7B7-4DCA-A441-CCB534DB30FD}.Release|x86.ActiveCfg = Release|Any CPU
		{B63272F0-B7B7-4DCA-A441-CCB534DB30FD}.Release|x86.Build.0 = Release|Any CPU
		{072AAD6B-6855-487A-A12F-2808A6696F62}.Debug|Any CPU.ActiveCfg = Debug|Any CPU
		{072AAD6B-6855-487A-A12F-2808A6696F62}.Debug|Any CPU.Build.0 = Debug|Any CPU
		{072AAD6B-6855-487A-A12F-2808A6696F62}.Debug|Mixed Platforms.ActiveCfg = Debug|Any CPU
		{072AAD6B-6855-487A-A12F-2808A6696F62}.Debug|Mixed Platforms.Build.0 = Debug|Any CPU
		{072AAD6B-6855-487A-A12F-2808A6696F62}.Debug|x86.ActiveCfg = Debug|Any CPU
		{072AAD6B-6855-487A-A12F-2808A6696F62}.Debug|x86.Build.0 = Debug|Any CPU
		{072AAD6B-6855-487A-A12F-2808A6696F62}.Release|Any CPU.ActiveCfg = Release|Any CPU
		{072AAD6B-6855-487A-A12F-2808A6696F62}.Release|Any CPU.Build.0 = Release|Any CPU
		{072AAD6B-6855-487A-A12F-2808A6696F62}.Release|Mixed Platforms.ActiveCfg = Release|Any CPU
		{072AAD6B-6855-487A-A12F-2808A6696F62}.Release|Mixed Platforms.Build.0 = Release|Any CPU
		{072AAD6B-6855-487A-A12F-2808A6696F62}.Release|x86.ActiveCfg = Release|Any CPU
		{072AAD6B-6855-487A-A12F-2808A6696F62}.Release|x86.Build.0 = Release|Any CPU
		{7EC3AF6C-EFC8-451C-8B03-01D85445D080}.Debug|Any CPU.ActiveCfg = Debug|Any CPU
		{7EC3AF6C-EFC8-451C-8B03-01D85445D080}.Debug|Any CPU.Build.0 = Debug|Any CPU
		{7EC3AF6C-EFC8-451C-8B03-01D85445D080}.Debug|Mixed Platforms.ActiveCfg = Debug|Any CPU
		{7EC3AF6C-EFC8-451C-8B03-01D85445D080}.Debug|Mixed Platforms.Build.0 = Debug|Any CPU
		{7EC3AF6C-EFC8-451C-8B03-01D85445D080}.Debug|x86.ActiveCfg = Debug|Any CPU
		{7EC3AF6C-EFC8-451C-8B03-01D85445D080}.Debug|x86.Build.0 = Debug|Any CPU
		{7EC3AF6C-EFC8-451C-8B03-01D85445D080}.Release|Any CPU.ActiveCfg = Release|Any CPU
		{7EC3AF6C-EFC8-451C-8B03-01D85445D080}.Release|Any CPU.Build.0 = Release|Any CPU
		{7EC3AF6C-EFC8-451C-8B03-01D85445D080}.Release|Mixed Platforms.ActiveCfg = Release|Any CPU
		{7EC3AF6C-EFC8-451C-8B03-01D85445D080}.Release|Mixed Platforms.Build.0 = Release|Any CPU
		{7EC3AF6C-EFC8-451C-8B03-01D85445D080}.Release|x86.ActiveCfg = Release|Any CPU
		{4E7CFE86-32AE-4E21-85C7-25EA2479B72F}.Debug|Any CPU.ActiveCfg = Debug|Any CPU
		{4E7CFE86-32AE-4E21-85C7-25EA2479B72F}.Debug|Any CPU.Build.0 = Debug|Any CPU
		{4E7CFE86-32AE-4E21-85C7-25EA2479B72F}.Debug|Mixed Platforms.ActiveCfg = Debug|x86
		{4E7CFE86-32AE-4E21-85C7-25EA2479B72F}.Debug|Mixed Platforms.Build.0 = Debug|x86
		{4E7CFE86-32AE-4E21-85C7-25EA2479B72F}.Debug|x86.ActiveCfg = Debug|x86
		{4E7CFE86-32AE-4E21-85C7-25EA2479B72F}.Debug|x86.Build.0 = Debug|x86
		{4E7CFE86-32AE-4E21-85C7-25EA2479B72F}.Release|Any CPU.ActiveCfg = Release|Any CPU
		{4E7CFE86-32AE-4E21-85C7-25EA2479B72F}.Release|Any CPU.Build.0 = Release|Any CPU
		{4E7CFE86-32AE-4E21-85C7-25EA2479B72F}.Release|Mixed Platforms.ActiveCfg = Release|x86
		{4E7CFE86-32AE-4E21-85C7-25EA2479B72F}.Release|Mixed Platforms.Build.0 = Release|x86
		{4E7CFE86-32AE-4E21-85C7-25EA2479B72F}.Release|x86.ActiveCfg = Release|x86
		{4E7CFE86-32AE-4E21-85C7-25EA2479B72F}.Release|x86.Build.0 = Release|x86
		{AC1BC020-E26C-483A-A6B2-AA50DED18B93}.Debug|Any CPU.ActiveCfg = Debug|Any CPU
		{AC1BC020-E26C-483A-A6B2-AA50DED18B93}.Debug|Any CPU.Build.0 = Debug|Any CPU
		{AC1BC020-E26C-483A-A6B2-AA50DED18B93}.Debug|Mixed Platforms.ActiveCfg = Debug|Any CPU
		{AC1BC020-E26C-483A-A6B2-AA50DED18B93}.Debug|Mixed Platforms.Build.0 = Debug|Any CPU
		{AC1BC020-E26C-483A-A6B2-AA50DED18B93}.Debug|x86.ActiveCfg = Debug|Any CPU
		{AC1BC020-E26C-483A-A6B2-AA50DED18B93}.Debug|x86.Build.0 = Debug|Any CPU
		{AC1BC020-E26C-483A-A6B2-AA50DED18B93}.Release|Any CPU.ActiveCfg = Release|Any CPU
		{AC1BC020-E26C-483A-A6B2-AA50DED18B93}.Release|Any CPU.Build.0 = Release|Any CPU
		{AC1BC020-E26C-483A-A6B2-AA50DED18B93}.Release|Mixed Platforms.ActiveCfg = Release|Any CPU
		{AC1BC020-E26C-483A-A6B2-AA50DED18B93}.Release|Mixed Platforms.Build.0 = Release|Any CPU
		{AC1BC020-E26C-483A-A6B2-AA50DED18B93}.Release|x86.ActiveCfg = Release|Any CPU
		{AC1BC020-E26C-483A-A6B2-AA50DED18B93}.Release|x86.Build.0 = Release|Any CPU
		{E5F7174E-1E4F-48EE-916E-8FF9362EA8B1}.Debug|Any CPU.ActiveCfg = Debug|Any CPU
		{E5F7174E-1E4F-48EE-916E-8FF9362EA8B1}.Debug|Any CPU.Build.0 = Debug|Any CPU
		{E5F7174E-1E4F-48EE-916E-8FF9362EA8B1}.Debug|Mixed Platforms.ActiveCfg = Debug|Any CPU
		{E5F7174E-1E4F-48EE-916E-8FF9362EA8B1}.Debug|Mixed Platforms.Build.0 = Debug|Any CPU
		{E5F7174E-1E4F-48EE-916E-8FF9362EA8B1}.Debug|x86.ActiveCfg = Debug|Any CPU
		{E5F7174E-1E4F-48EE-916E-8FF9362EA8B1}.Debug|x86.Build.0 = Debug|Any CPU
		{E5F7174E-1E4F-48EE-916E-8FF9362EA8B1}.Release|Any CPU.ActiveCfg = Release|Any CPU
		{E5F7174E-1E4F-48EE-916E-8FF9362EA8B1}.Release|Any CPU.Build.0 = Release|Any CPU
		{E5F7174E-1E4F-48EE-916E-8FF9362EA8B1}.Release|Mixed Platforms.ActiveCfg = Release|Any CPU
		{E5F7174E-1E4F-48EE-916E-8FF9362EA8B1}.Release|Mixed Platforms.Build.0 = Release|Any CPU
		{E5F7174E-1E4F-48EE-916E-8FF9362EA8B1}.Release|x86.ActiveCfg = Release|Any CPU
		{BAB2D4C2-94DB-4C39-8D62-B95DDE163DBB}.Debug|Any CPU.ActiveCfg = Debug|Any CPU
		{BAB2D4C2-94DB-4C39-8D62-B95DDE163DBB}.Debug|Any CPU.Build.0 = Debug|Any CPU
		{BAB2D4C2-94DB-4C39-8D62-B95DDE163DBB}.Debug|Mixed Platforms.ActiveCfg = Debug|x86
		{BAB2D4C2-94DB-4C39-8D62-B95DDE163DBB}.Debug|Mixed Platforms.Build.0 = Debug|x86
		{BAB2D4C2-94DB-4C39-8D62-B95DDE163DBB}.Debug|x86.ActiveCfg = Debug|x86
		{BAB2D4C2-94DB-4C39-8D62-B95DDE163DBB}.Debug|x86.Build.0 = Debug|x86
		{BAB2D4C2-94DB-4C39-8D62-B95DDE163DBB}.Release|Any CPU.ActiveCfg = Release|Any CPU
		{BAB2D4C2-94DB-4C39-8D62-B95DDE163DBB}.Release|Any CPU.Build.0 = Release|Any CPU
		{BAB2D4C2-94DB-4C39-8D62-B95DDE163DBB}.Release|Mixed Platforms.ActiveCfg = Release|x86
		{BAB2D4C2-94DB-4C39-8D62-B95DDE163DBB}.Release|Mixed Platforms.Build.0 = Release|x86
		{BAB2D4C2-94DB-4C39-8D62-B95DDE163DBB}.Release|x86.ActiveCfg = Release|x86
		{BAB2D4C2-94DB-4C39-8D62-B95DDE163DBB}.Release|x86.Build.0 = Release|x86
		{3C3F497C-7C65-4E18-8513-A01E31599CFD}.Debug|Any CPU.ActiveCfg = Debug|Any CPU
		{3C3F497C-7C65-4E18-8513-A01E31599CFD}.Debug|Any CPU.Build.0 = Debug|Any CPU
		{3C3F497C-7C65-4E18-8513-A01E31599CFD}.Debug|Mixed Platforms.ActiveCfg = Debug|Any CPU
		{3C3F497C-7C65-4E18-8513-A01E31599CFD}.Debug|Mixed Platforms.Build.0 = Debug|Any CPU
		{3C3F497C-7C65-4E18-8513-A01E31599CFD}.Debug|x86.ActiveCfg = Debug|Any CPU
		{3C3F497C-7C65-4E18-8513-A01E31599CFD}.Release|Any CPU.ActiveCfg = Release|Any CPU
		{3C3F497C-7C65-4E18-8513-A01E31599CFD}.Release|Any CPU.Build.0 = Release|Any CPU
		{3C3F497C-7C65-4E18-8513-A01E31599CFD}.Release|Mixed Platforms.ActiveCfg = Release|Any CPU
		{3C3F497C-7C65-4E18-8513-A01E31599CFD}.Release|Mixed Platforms.Build.0 = Release|Any CPU
		{3C3F497C-7C65-4E18-8513-A01E31599CFD}.Release|x86.ActiveCfg = Release|Any CPU
		{270DE2C7-7720-4463-9DCD-6613F569E1A5}.Debug|Any CPU.ActiveCfg = Debug|Any CPU
		{270DE2C7-7720-4463-9DCD-6613F569E1A5}.Debug|Any CPU.Build.0 = Debug|Any CPU
		{270DE2C7-7720-4463-9DCD-6613F569E1A5}.Debug|Mixed Platforms.ActiveCfg = Debug|Any CPU
		{270DE2C7-7720-4463-9DCD-6613F569E1A5}.Debug|Mixed Platforms.Build.0 = Debug|Any CPU
		{270DE2C7-7720-4463-9DCD-6613F569E1A5}.Debug|x86.ActiveCfg = Debug|Any CPU
		{270DE2C7-7720-4463-9DCD-6613F569E1A5}.Release|Any CPU.ActiveCfg = Release|Any CPU
		{270DE2C7-7720-4463-9DCD-6613F569E1A5}.Release|Any CPU.Build.0 = Release|Any CPU
		{270DE2C7-7720-4463-9DCD-6613F569E1A5}.Release|Mixed Platforms.ActiveCfg = Release|Any CPU
		{270DE2C7-7720-4463-9DCD-6613F569E1A5}.Release|Mixed Platforms.Build.0 = Release|Any CPU
		{270DE2C7-7720-4463-9DCD-6613F569E1A5}.Release|x86.ActiveCfg = Release|Any CPU
		{D44027D3-8458-4246-9321-8B4A768D593E}.Debug|Any CPU.ActiveCfg = Debug|Any CPU
		{D44027D3-8458-4246-9321-8B4A768D593E}.Debug|Any CPU.Build.0 = Debug|Any CPU
		{D44027D3-8458-4246-9321-8B4A768D593E}.Debug|Mixed Platforms.ActiveCfg = Debug|Any CPU
		{D44027D3-8458-4246-9321-8B4A768D593E}.Debug|Mixed Platforms.Build.0 = Debug|Any CPU
		{D44027D3-8458-4246-9321-8B4A768D593E}.Debug|x86.ActiveCfg = Debug|Any CPU
		{D44027D3-8458-4246-9321-8B4A768D593E}.Release|Any CPU.ActiveCfg = Release|Any CPU
		{D44027D3-8458-4246-9321-8B4A768D593E}.Release|Any CPU.Build.0 = Release|Any CPU
		{D44027D3-8458-4246-9321-8B4A768D593E}.Release|Mixed Platforms.ActiveCfg = Release|Any CPU
		{D44027D3-8458-4246-9321-8B4A768D593E}.Release|Mixed Platforms.Build.0 = Release|Any CPU
		{D44027D3-8458-4246-9321-8B4A768D593E}.Release|x86.ActiveCfg = Release|Any CPU
		{08F1F5F9-F33D-446F-99AD-ED550664D390}.Debug|Any CPU.ActiveCfg = Debug|Any CPU
		{08F1F5F9-F33D-446F-99AD-ED550664D390}.Debug|Any CPU.Build.0 = Debug|Any CPU
		{08F1F5F9-F33D-446F-99AD-ED550664D390}.Debug|Mixed Platforms.ActiveCfg = Debug|Any CPU
		{08F1F5F9-F33D-446F-99AD-ED550664D390}.Debug|Mixed Platforms.Build.0 = Debug|Any CPU
		{08F1F5F9-F33D-446F-99AD-ED550664D390}.Debug|x86.ActiveCfg = Debug|Any CPU
		{08F1F5F9-F33D-446F-99AD-ED550664D390}.Release|Any CPU.ActiveCfg = Release|Any CPU
		{08F1F5F9-F33D-446F-99AD-ED550664D390}.Release|Any CPU.Build.0 = Release|Any CPU
		{08F1F5F9-F33D-446F-99AD-ED550664D390}.Release|Mixed Platforms.ActiveCfg = Release|Any CPU
		{08F1F5F9-F33D-446F-99AD-ED550664D390}.Release|Mixed Platforms.Build.0 = Release|Any CPU
		{08F1F5F9-F33D-446F-99AD-ED550664D390}.Release|x86.ActiveCfg = Release|Any CPU
	EndGlobalSection
	GlobalSection(SolutionProperties) = preSolution
		HideSolutionNode = FALSE
	EndGlobalSection
	GlobalSection(NestedProjects) = preSolution
		{7EC3AF6C-EFC8-451C-8B03-01D85445D080} = {20B77A9E-59DB-4B08-8E87-9EDA7C9D2513}
		{4E7CFE86-32AE-4E21-85C7-25EA2479B72F} = {20B77A9E-59DB-4B08-8E87-9EDA7C9D2513}
		{AC1BC020-E26C-483A-A6B2-AA50DED18B93} = {20B77A9E-59DB-4B08-8E87-9EDA7C9D2513}
		{E5F7174E-1E4F-48EE-916E-8FF9362EA8B1} = {20B77A9E-59DB-4B08-8E87-9EDA7C9D2513}
		{BAB2D4C2-94DB-4C39-8D62-B95DDE163DBB} = {20B77A9E-59DB-4B08-8E87-9EDA7C9D2513}
	EndGlobalSection
EndGlobal
